# THIS IS AN AUTOGENERATED FILE. DO NOT EDIT THIS FILE DIRECTLY.
# yarn lockfile v1


es6-promise@^4.0.5:
  version "4.2.8"
  resolved "https://registry.yarnpkg.com/es6-promise/-/es6-promise-4.2.8.tgz#4eb21594c972bc40553d276e510539143db53e0a"
  integrity sha512-HJDGx5daxeIvxdBxvG2cb9g4tEvwIk3i8+nhX0yGrYmZUzbkdg8QbDevheDB8gd0//uPj4c1EQua8Q+MViT0/w==

mapbox@^1.0.0-beta10:
  version "1.0.0-beta10"
  resolved "https://registry.yarnpkg.com/mapbox/-/mapbox-1.0.0-beta10.tgz#037561bcb95cbdc066d1dff7e2ce1d6c8539cb8e"
  integrity sha1-A3VhvLlcvcBm0d/34s4dbIU5y44=
  dependencies:
    es6-promise "^4.0.5"
    rest "^2.0.0"

rest@^2.0.0:
  version "2.0.0"
  resolved "https://registry.yarnpkg.com/rest/-/rest-2.0.0.tgz#6dfadf66a405c49cfbd5b4bd25b59fd29cd861bc"
  integrity sha1-bfrfZqQFxJz71bS9JbWf0pzYYbw=
